
Microsoft Visual Studio Solution File, Format Version 12.00
Project("{FAE04EC0-301F-11D3-BF4B-00C04F79EFBC}") = "HermesLibrary", "HermesLibrary\HermesLibrary.csproj", "{72C3F120-D68A-444D-9CFB-33761B2BEE3B}"
EndProject
Global
	GlobalSection(SolutionConfigurationPlatforms) = preSolution
		Debug|Any CPU = Debug|Any CPU
		Release|Any CPU = Release|Any CPU
	EndGlobalSection
	GlobalSection(ProjectConfigurationPlatforms) = postSolution
		{72C3F120-D68A-444D-9CFB-33761B2BEE3B}.Debug|Any CPU.ActiveCfg = Debug|Any CPU
		{72C3F120-D68A-444D-9CFB-33761B2BEE3B}.Debug|Any CPU.Build.0 = Debug|Any CPU
		{72C3F120-D68A-444D-9CFB-33761B2BEE3B}.Release|Any CPU.ActiveCfg = Release|Any CPU
		{72C3F120-D68A-444D-9CFB-33761B2BEE3B}.Release|Any CPU.Build.0 = Release|Any CPU
	EndGlobalSection
EndGlobal
